
Microsoft Visual Studio Solution File, Format Version 12.00
# Visual Studio Version 17
VisualStudioVersion = 17.14.36109.1 d17.14
MinimumVisualStudioVersion = 10.0.40219.1
Project("{FAE04EC0-301F-11D3-BF4B-00C04F79EFBC}") = "UltraExplorer", "UltraExplorer\UltraExplorer.csproj", "{9A717EB2-D716-4293-8C4E-4BC530249BED}"
EndProject
Global
	GlobalSection(SolutionConfigurationPlatforms) = preSolution
		Debug|Any CPU = Debug|Any CPU
		Release|Any CPU = Release|Any CPU
	EndGlobalSection
	GlobalSection(ProjectConfigurationPlatforms) = postSolution
		{9A717EB2-D716-4293-8C4E-4BC530249BED}.Debug|Any CPU.ActiveCfg = Debug|Any CPU
		{9A717EB2-D716-4293-8C4E-4BC530249BED}.Debug|Any CPU.Build.0 = Debug|Any CPU
		{9A717EB2-D716-4293-8C4E-4BC530249BED}.Release|Any CPU.ActiveCfg = Release|Any CPU
		{9A717EB2-D716-4293-8C4E-4BC530249BED}.Release|Any CPU.Build.0 = Release|Any CPU
	EndGlobalSection
	GlobalSection(SolutionProperties) = preSolution
		HideSolutionNode = FALSE
	EndGlobalSection
	GlobalSection(ExtensibilityGlobals) = postSolution
		SolutionGuid = {90B00DE0-DC53-4288-B8D0-2FEC1292A617}
	EndGlobalSection
EndGlobal
